
Microsoft Visual Studio Solution File, Format Version 12.00
# Visual Studio Version 17
VisualStudioVersion = 17.3.32804.467
MinimumVisualStudioVersion = 10.0.40219.1
Project("{FAE04EC0-301F-11D3-BF4B-00C04F79EFBC}") = "problem 19", "problem 19\problem 19.csproj", "{F85193CC-B566-4368-8107-923E30BD6D48}"
EndProject
Global
	GlobalSection(SolutionConfigurationPlatforms) = preSolution
		Debug|Any CPU = Debug|Any CPU
		Release|Any CPU = Release|Any CPU
	EndGlobalSection
	GlobalSection(ProjectConfigurationPlatforms) = postSolution
		{F85193CC-B566-4368-8107-923E30BD6D48}.Debug|Any CPU.ActiveCfg = Debug|Any CPU
		{F85193CC-B566-4368-8107-923E30BD6D48}.Debug|Any CPU.Build.0 = Debug|Any CPU
		{F85193CC-B566-4368-8107-923E30BD6D48}.Release|Any CPU.ActiveCfg = Release|Any CPU
		{F85193CC-B566-4368-8107-923E30BD6D48}.Release|Any CPU.Build.0 = Release|Any CPU
	EndGlobalSection
	GlobalSection(SolutionProperties) = preSolution
		HideSolutionNode = FALSE
	EndGlobalSection
	GlobalSection(ExtensibilityGlobals) = postSolution
		SolutionGuid = {74225C73-C184-403B-A79C-DF496AA612E5}
	EndGlobalSection
EndGlobal
